
Microsoft Visual Studio Solution File, Format Version 12.00
# Visual Studio Version 17
VisualStudioVersion = 17.5.002.0
MinimumVisualStudioVersion = 10.0.40219.1
Project("{2150E333-8FDC-42A3-9474-1A3956D46DE8}") = "Seminar 1", "Seminar 1", "{ACBBDD66-61FF-4C06-BF23-20BADB54481E}"
EndProject
Project("{9A19103F-16F7-4668-BE54-9A1E7A4F7556}") = "Task 2 HW", "Seminar 1\Task 2 HW\Task 2 HW.csproj", "{6B8E80E8-9B78-4CFF-81D6-E512372D91B4}"
EndProject
Project("{9A19103F-16F7-4668-BE54-9A1E7A4F7556}") = "Task 3", "Seminar 1\Task 3\Task 3.csproj", "{260AFC29-AFD2-49A7-A881-F2709D8B6233}"
EndProject
Project("{9A19103F-16F7-4668-BE54-9A1E7A4F7556}") = "Task 4 HW", "Seminar 1\Task 4 HW\Task 4 HW.csproj", "{BBE32DB9-D06A-43B3-BB21-A8AA2CFEC40E}"
EndProject
Project("{9A19103F-16F7-4668-BE54-9A1E7A4F7556}") = "Task 6 HW", "Seminar 1\Task 6 HW\Task 6 HW.csproj", "{7942522A-57F5-4EBE-BAEB-63E58E4E1F64}"
EndProject
Project("{9A19103F-16F7-4668-BE54-9A1E7A4F7556}") = "Task 8 HW", "Seminar 1\Task 8 HW\Task 8 HW.csproj", "{1D34911F-6168-429B-9FF4-B3A396DA228E}"
EndProject
Project("{9A19103F-16F7-4668-BE54-9A1E7A4F7556}") = "Task 0", "Seminar 1\Task_0\Task 0.csproj", "{502E6880-5D0A-4D70-A077-6CF426C97E66}"
EndProject
Project("{9A19103F-16F7-4668-BE54-9A1E7A4F7556}") = "Task 1", "Seminar 1\Task_1\Task 1.csproj", "{5EC58CA4-3DEA-4833-95DC-1A056BDA79C2}"
EndProject
Project("{2150E333-8FDC-42A3-9474-1A3956D46DE8}") = "Seminar 2", "Seminar 2", "{85A2DF97-680A-4DE7-99AF-5BCAF83F962F}"
EndProject
Project("{9A19103F-16F7-4668-BE54-9A1E7A4F7556}") = "Task 10 HW", "Seminar 2\Task 10 HW\Task 10 HW.csproj", "{587C036D-8E53-4CC2-8E3D-6DE2B12CA1DF}"
EndProject
Project("{9A19103F-16F7-4668-BE54-9A1E7A4F7556}") = "Task 11", "Seminar 2\Task 11\Task 11.csproj", "{6024B538-7C9B-4CB1-82A6-4FB788FBEC25}"
EndProject
Project("{9A19103F-16F7-4668-BE54-9A1E7A4F7556}") = "Task 12", "Seminar 2\Task 12\Task 12.csproj", "{CFE13B8C-6E4D-4E56-AAB4-44CE6AC58710}"
EndProject
Project("{9A19103F-16F7-4668-BE54-9A1E7A4F7556}") = "Task 13 HW", "Seminar 2\Task 13 HW\Task 13 HW.csproj", "{0910BE4B-D389-4DF1-AD76-50885ACA8E1A}"
EndProject
Project("{9A19103F-16F7-4668-BE54-9A1E7A4F7556}") = "Task 14", "Seminar 2\Task 14\Task 14.csproj", "{794E0ECE-0CDB-4F53-B155-420ED88D25EE}"
EndProject
Project("{9A19103F-16F7-4668-BE54-9A1E7A4F7556}") = "Task 15", "Seminar 2\Task 15\Task 15.csproj", "{F2771EF7-82F6-444D-8F05-A407827C2173}"
EndProject
Project("{9A19103F-16F7-4668-BE54-9A1E7A4F7556}") = "Task 16", "Seminar 2\Task 16\Task 16.csproj", "{B8E97C42-52C2-4D74-A86D-9DF493215A3D}"
EndProject
Project("{9A19103F-16F7-4668-BE54-9A1E7A4F7556}") = "Task9", "Seminar 2\Task9\Task9.csproj", "{B05C22FC-2881-4A2D-AB17-ECD656A186C8}"
EndProject
Global
	GlobalSection(SolutionConfigurationPlatforms) = preSolution
		Debug|Any CPU = Debug|Any CPU
		Release|Any CPU = Release|Any CPU
	EndGlobalSection
	GlobalSection(ProjectConfigurationPlatforms) = postSolution
		{6B8E80E8-9B78-4CFF-81D6-E512372D91B4}.Debug|Any CPU.ActiveCfg = Debug|Any CPU
		{6B8E80E8-9B78-4CFF-81D6-E512372D91B4}.Debug|Any CPU.Build.0 = Debug|Any CPU
		{6B8E80E8-9B78-4CFF-81D6-E512372D91B4}.Release|Any CPU.ActiveCfg = Release|Any CPU
		{6B8E80E8-9B78-4CFF-81D6-E512372D91B4}.Release|Any CPU.Build.0 = Release|Any CPU
		{260AFC29-AFD2-49A7-A881-F2709D8B6233}.Debug|Any CPU.ActiveCfg = Debug|Any CPU
		{260AFC29-AFD2-49A7-A881-F2709D8B6233}.Debug|Any CPU.Build.0 = Debug|Any CPU
		{260AFC29-AFD2-49A7-A881-F2709D8B6233}.Release|Any CPU.ActiveCfg = Release|Any CPU
		{260AFC29-AFD2-49A7-A881-F2709D8B6233}.Release|Any CPU.Build.0 = Release|Any CPU
		{BBE32DB9-D06A-43B3-BB21-A8AA2CFEC40E}.Debug|Any CPU.ActiveCfg = Debug|Any CPU
		{BBE32DB9-D06A-43B3-BB21-A8AA2CFEC40E}.Debug|Any CPU.Build.0 = Debug|Any CPU
		{BBE32DB9-D06A-43B3-BB21-A8AA2CFEC40E}.Release|Any CPU.ActiveCfg = Release|Any CPU
		{BBE32DB9-D06A-43B3-BB21-A8AA2CFEC40E}.Release|Any CPU.Build.0 = Release|Any CPU
		{7942522A-57F5-4EBE-BAEB-63E58E4E1F64}.Debug|Any CPU.ActiveCfg = Debug|Any CPU
		{7942522A-57F5-4EBE-BAEB-63E58E4E1F64}.Debug|Any CPU.Build.0 = Debug|Any CPU
		{7942522A-57F5-4EBE-BAEB-63E58E4E1F64}.Release|Any CPU.ActiveCfg = Release|Any CPU
		{7942522A-57F5-4EBE-BAEB-63E58E4E1F64}.Release|Any CPU.Build.0 = Release|Any CPU
		{1D34911F-6168-429B-9FF4-B3A396DA228E}.Debug|Any CPU.ActiveCfg = Debug|Any CPU
		{1D34911F-6168-429B-9FF4-B3A396DA228E}.Debug|Any CPU.Build.0 = Debug|Any CPU
		{1D34911F-6168-429B-9FF4-B3A396DA228E}.Release|Any CPU.ActiveCfg = Release|Any CPU
		{1D34911F-6168-429B-9FF4-B3A396DA228E}.Release|Any CPU.Build.0 = Release|Any CPU
		{502E6880-5D0A-4D70-A077-6CF426C97E66}.Debug|Any CPU.ActiveCfg = Debug|Any CPU
		{502E6880-5D0A-4D70-A077-6CF426C97E66}.Debug|Any CPU.Build.0 = Debug|Any CPU
		{502E6880-5D0A-4D70-A077-6CF426C97E66}.Release|Any CPU.ActiveCfg = Release|Any CPU
		{502E6880-5D0A-4D70-A077-6CF426C97E66}.Release|Any CPU.Build.0 = Release|Any CPU
		{5EC58CA4-3DEA-4833-95DC-1A056BDA79C2}.Debug|Any CPU.ActiveCfg = Debug|Any CPU
		{5EC58CA4-3DEA-4833-95DC-1A056BDA79C2}.Debug|Any CPU.Build.0 = Debug|Any CPU
		{5EC58CA4-3DEA-4833-95DC-1A056BDA79C2}.Release|Any CPU.ActiveCfg = Release|Any CPU
		{5EC58CA4-3DEA-4833-95DC-1A056BDA79C2}.Release|Any CPU.Build.0 = Release|Any CPU
		{587C036D-8E53-4CC2-8E3D-6DE2B12CA1DF}.Debug|Any CPU.ActiveCfg = Debug|Any CPU
		{587C036D-8E53-4CC2-8E3D-6DE2B12CA1DF}.Debug|Any CPU.Build.0 = Debug|Any CPU
		{587C036D-8E53-4CC2-8E3D-6DE2B12CA1DF}.Release|Any CPU.ActiveCfg = Release|Any CPU
		{587C036D-8E53-4CC2-8E3D-6DE2B12CA1DF}.Release|Any CPU.Build.0 = Release|Any CPU
		{6024B538-7C9B-4CB1-82A6-4FB788FBEC25}.Debug|Any CPU.ActiveCfg = Debug|Any CPU
		{6024B538-7C9B-4CB1-82A6-4FB788FBEC25}.Debug|Any CPU.Build.0 = Debug|Any CPU
		{6024B538-7C9B-4CB1-82A6-4FB788FBEC25}.Release|Any CPU.ActiveCfg = Release|Any CPU
		{6024B538-7C9B-4CB1-82A6-4FB788FBEC25}.Release|Any CPU.Build.0 = Release|Any CPU
		{CFE13B8C-6E4D-4E56-AAB4-44CE6AC58710}.Debug|Any CPU.ActiveCfg = Debug|Any CPU
		{CFE13B8C-6E4D-4E56-AAB4-44CE6AC58710}.Debug|Any CPU.Build.0 = Debug|Any CPU
		{CFE13B8C-6E4D-4E56-AAB4-44CE6AC58710}.Release|Any CPU.ActiveCfg = Release|Any CPU
		{CFE13B8C-6E4D-4E56-AAB4-44CE6AC58710}.Release|Any CPU.Build.0 = Release|Any CPU
		{0910BE4B-D389-4DF1-AD76-50885ACA8E1A}.Debug|Any CPU.ActiveCfg = Debug|Any CPU
		{0910BE4B-D389-4DF1-AD76-50885ACA8E1A}.Debug|Any CPU.Build.0 = Debug|Any CPU
		{0910BE4B-D389-4DF1-AD76-50885ACA8E1A}.Release|Any CPU.ActiveCfg = Release|Any CPU
		{0910BE4B-D389-4DF1-AD76-50885ACA8E1A}.Release|Any CPU.Build.0 = Release|Any CPU
		{794E0ECE-0CDB-4F53-B155-420ED88D25EE}.Debug|Any CPU.ActiveCfg = Debug|Any CPU
		{794E0ECE-0CDB-4F53-B155-420ED88D25EE}.Debug|Any CPU.Build.0 = Debug|Any CPU
		{794E0ECE-0CDB-4F53-B155-420ED88D25EE}.Release|Any CPU.ActiveCfg = Release|Any CPU
		{794E0ECE-0CDB-4F53-B155-420ED88D25EE}.Release|Any CPU.Build.0 = Release|Any CPU
		{F2771EF7-82F6-444D-8F05-A407827C2173}.Debug|Any CPU.ActiveCfg = Debug|Any CPU
		{F2771EF7-82F6-444D-8F05-A407827C2173}.Debug|Any CPU.Build.0 = Debug|Any CPU
		{F2771EF7-82F6-444D-8F05-A407827C2173}.Release|Any CPU.ActiveCfg = Release|Any CPU
		{F2771EF7-82F6-444D-8F05-A407827C2173}.Release|Any CPU.Build.0 = Release|Any CPU
		{B8E97C42-52C2-4D74-A86D-9DF493215A3D}.Debug|Any CPU.ActiveCfg = Debug|Any CPU
		{B8E97C42-52C2-4D74-A86D-9DF493215A3D}.Debug|Any CPU.Build.0 = Debug|Any CPU
		{B8E97C42-52C2-4D74-A86D-9DF493215A3D}.Release|Any CPU.ActiveCfg = Release|Any CPU
		{B8E97C42-52C2-4D74-A86D-9DF493215A3D}.Release|Any CPU.Build.0 = Release|Any CPU
		{B05C22FC-2881-4A2D-AB17-ECD656A186C8}.Debug|Any CPU.ActiveCfg = Debug|Any CPU
		{B05C22FC-2881-4A2D-AB17-ECD656A186C8}.Debug|Any CPU.Build.0 = Debug|Any CPU
		{B05C22FC-2881-4A2D-AB17-ECD656A186C8}.Release|Any CPU.ActiveCfg = Release|Any CPU
		{B05C22FC-2881-4A2D-AB17-ECD656A186C8}.Release|Any CPU.Build.0 = Release|Any CPU
	EndGlobalSection
	GlobalSection(SolutionProperties) = preSolution
		HideSolutionNode = FALSE
	EndGlobalSection
	GlobalSection(NestedProjects) = preSolution
		{6B8E80E8-9B78-4CFF-81D6-E512372D91B4} = {ACBBDD66-61FF-4C06-BF23-20BADB54481E}
		{260AFC29-AFD2-49A7-A881-F2709D8B6233} = {ACBBDD66-61FF-4C06-BF23-20BADB54481E}
		{BBE32DB9-D06A-43B3-BB21-A8AA2CFEC40E} = {ACBBDD66-61FF-4C06-BF23-20BADB54481E}
		{7942522A-57F5-4EBE-BAEB-63E58E4E1F64} = {ACBBDD66-61FF-4C06-BF23-20BADB54481E}
		{1D34911F-6168-429B-9FF4-B3A396DA228E} = {ACBBDD66-61FF-4C06-BF23-20BADB54481E}
		{502E6880-5D0A-4D70-A077-6CF426C97E66} = {ACBBDD66-61FF-4C06-BF23-20BADB54481E}
		{5EC58CA4-3DEA-4833-95DC-1A056BDA79C2} = {ACBBDD66-61FF-4C06-BF23-20BADB54481E}
		{587C036D-8E53-4CC2-8E3D-6DE2B12CA1DF} = {85A2DF97-680A-4DE7-99AF-5BCAF83F962F}
		{6024B538-7C9B-4CB1-82A6-4FB788FBEC25} = {85A2DF97-680A-4DE7-99AF-5BCAF83F962F}
		{CFE13B8C-6E4D-4E56-AAB4-44CE6AC58710} = {85A2DF97-680A-4DE7-99AF-5BCAF83F962F}
		{0910BE4B-D389-4DF1-AD76-50885ACA8E1A} = {85A2DF97-680A-4DE7-99AF-5BCAF83F962F}
		{794E0ECE-0CDB-4F53-B155-420ED88D25EE} = {85A2DF97-680A-4DE7-99AF-5BCAF83F962F}
		{F2771EF7-82F6-444D-8F05-A407827C2173} = {85A2DF97-680A-4DE7-99AF-5BCAF83F962F}
		{B8E97C42-52C2-4D74-A86D-9DF493215A3D} = {85A2DF97-680A-4DE7-99AF-5BCAF83F962F}
		{B05C22FC-2881-4A2D-AB17-ECD656A186C8} = {85A2DF97-680A-4DE7-99AF-5BCAF83F962F}
	EndGlobalSection
	GlobalSection(ExtensibilityGlobals) = postSolution
		SolutionGuid = {29638349-5CE5-4714-859C-F604A0F886EE}
	EndGlobalSection
EndGlobal
